
Microsoft Visual Studio Solution File, Format Version 12.00
# Visual Studio Version 16
VisualStudioVersion = 16.0.31129.286
MinimumVisualStudioVersion = 10.0.40219.1
Project("{FAE04EC0-301F-11D3-BF4B-00C04F79EFBC}") = "ConsoleCollision", "ConsoleCollision.csproj", "{0BF8CB19-44E0-4744-803C-06DE4560D7F1}"
EndProject
Global
	GlobalSection(SolutionConfigurationPlatforms) = preSolution
		Debug|Any CPU = Debug|Any CPU
		Release|Any CPU = Release|Any CPU
	EndGlobalSection
	GlobalSection(ProjectConfigurationPlatforms) = postSolution
		{0BF8CB19-44E0-4744-803C-06DE4560D7F1}.Debug|Any CPU.ActiveCfg = Debug|Any CPU
		{0BF8CB19-44E0-4744-803C-06DE4560D7F1}.Debug|Any CPU.Build.0 = Debug|Any CPU
		{0BF8CB19-44E0-4744-803C-06DE4560D7F1}.Release|Any CPU.ActiveCfg = Release|Any CPU
		{0BF8CB19-44E0-4744-803C-06DE4560D7F1}.Release|Any CPU.Build.0 = Release|Any CPU
	EndGlobalSection
	GlobalSection(SolutionProperties) = preSolution
		HideSolutionNode = FALSE
	EndGlobalSection
	GlobalSection(ExtensibilityGlobals) = postSolution
		SolutionGuid = {C7B5DBB2-111E-47AA-BED5-DEE004FF714E}
	EndGlobalSection
EndGlobal
